// !$*UTF8*$!
{
	archiveVersion = 1;
	classes = {
	};
	objectVersion = 55;
	objects = {

/* Begin PBXBuildFile section */
		3D3B817B293DAA480066040E /* main.swift in Sources */ = {isa = PBXBuildFile; fileRef = 3D3B817A293DAA480066040E /* main.swift */; };
		3D3B8198293E4CE90066040E /* student class.swift in Sources */ = {isa = PBXBuildFile; fileRef = 3D3B8197293E4CE90066040E /* student class.swift */; };
		3D3B819A294111910066040E /* input data.swift in Sources */ = {isa = PBXBuildFile; fileRef = 3D3B8199294111910066040E /* input data.swift */; };
		3D3B819E2941959B0066040E /* store data.swift in Sources */ = {isa = PBXBuildFile; fileRef = 3D3B819D2941959B0066040E /* store data.swift */; };
/* End PBXBuildFile section */

/* Begin PBXCopyFilesBuildPhase section */
		3D3B8175293DAA480066040E /* CopyFiles */ = {
			isa = PBXCopyFilesBuildPhase;
			buildActionMask = 2147483647;
			dstPath = /usr/share/man/man1/;
			dstSubfolderSpec = 0;
			files = (
			);
			runOnlyForDeploymentPostprocessing = 1;
		};
/* End PBXCopyFilesBuildPhase section */

/* Begin PBXFileReference section */
		3D3B8177293DAA480066040E /* MyCreditManager_cdenen20 */ = {isa = PBXFileReference; explicitFileType = "compiled.mach-o.executable"; includeInIndex = 0; path = MyCreditManager_cdenen20; sourceTree = BUILT_PRODUCTS_DIR; };
		3D3B817A293DAA480066040E /* main.swift */ = {isa = PBXFileReference; lastKnownFileType = sourcecode.swift; path = main.swift; sourceTree = "<group>"; };
		3D3B8197293E4CE90066040E /* student class.swift */ = {isa = PBXFileReference; lastKnownFileType = sourcecode.swift; path = "student class.swift"; sourceTree = "<group>"; };
		3D3B8199294111910066040E /* input data.swift */ = {isa = PBXFileReference; lastKnownFileType = sourcecode.swift; path = "input data.swift"; sourceTree = "<group>"; };
		3D3B819D2941959B0066040E /* store data.swift */ = {isa = PBXFileReference; lastKnownFileType = sourcecode.swift; path = "store data.swift"; sourceTree = "<group>"; };
/* End PBXFileReference section */

/* Begin PBXFrameworksBuildPhase section */
		3D3B8174293DAA480066040E /* Frameworks */ = {
			isa = PBXFrameworksBuildPhase;
			buildActionMask = 2147483647;
			files = (
			);
			runOnlyForDeploymentPostprocessing = 0;
		};
/* End PBXFrameworksBuildPhase section */

/* Begin PBXGroup section */
		3D3B816E293DAA470066040E = {
			isa = PBXGroup;
			children = (
				3D3B8179293DAA480066040E /* MyCreditManager_cdenen20 */,
				3D3B8178293DAA480066040E /* Products */,
			);
			sourceTree = "<group>";
		};
		3D3B8178293DAA480066040E /* Products */ = {
			isa = PBXGroup;
			children = (
				3D3B8177293DAA480066040E /* MyCreditManager_cdenen20 */,
			);
			name = Products;
			sourceTree = "<group>";
		};
		3D3B8179293DAA480066040E /* MyCreditManager_cdenen20 */ = {
			isa = PBXGroup;
			children = (
				3D3B817A293DAA480066040E /* main.swift */,
				3D3B8197293E4CE90066040E /* student class.swift */,
				3D3B8199294111910066040E /* input data.swift */,
				3D3B819D2941959B0066040E /* store data.swift */,
			);
			path = MyCreditManager_cdenen20;
			sourceTree = SOURCE_ROOT;
		};
/* End PBXGroup section */

/* Begin PBXNativeTarget section */
		3D3B8176293DAA480066040E /* MyCreditManager_cdenen20 */ = {
			isa = PBXNativeTarget;
			buildConfigurationList = 3D3B817E293DAA480066040E /* Build configuration list for PBXNativeTarget "MyCreditManager_cdenen20" */;
			buildPhases = (
				3D3B8173293DAA480066040E /* Sources */,
				3D3B8174293DAA480066040E /* Frameworks */,
				3D3B8175293DAA480066040E /* CopyFiles */,
			);
			buildRules = (
			);
			dependencies = (
			);
			name = MyCreditManager_cdenen20;
			productName = MyCreditManager_cdenen20;
			productReference = 3D3B8177293DAA480066040E /* MyCreditManager_cdenen20 */;
			productType = "com.apple.product-type.tool";
		};
/* End PBXNativeTarget section */

/* Begin PBXProject section */
		3D3B816F293DAA470066040E /* Project object */ = {
			isa = PBXProject;
			attributes = {
				BuildIndependentTargetsInParallel = 1;
				LastSwiftUpdateCheck = 1330;
				LastUpgradeCheck = 1330;
				TargetAttributes = {
					3D3B8176293DAA480066040E = {
						CreatedOnToolsVersion = 13.3.1;
					};
				};
			};
			buildConfigurationList = 3D3B8172293DAA470066040E /* Build configuration list for PBXProject "MyCreditManager_cdenen20" */;
			compatibilityVersion = "Xcode 13.0";
			developmentRegion = en;
			hasScannedForEncodings = 0;
			knownRegions = (
				en,
				Base,
			);
			mainGroup = 3D3B816E293DAA470066040E;
			productRefGroup = 3D3B8178293DAA480066040E /* Products */;
			projectDirPath = "";
			projectRoot = "";
			targets = (
				3D3B8176293DAA480066040E /* MyCreditManager_cdenen20 */,
			);
		};
/* End PBXProject section */

/* Begin PBXSourcesBuildPhase section */
		3D3B8173293DAA480066040E /* Sources */ = {
			isa = PBXSourcesBuildPhase;
			buildActionMask = 2147483647;
			files = (
				3D3B817B293DAA480066040E /* main.swift in Sources */,
				3D3B819A294111910066040E /* input data.swift in Sources */,
				3D3B819E2941959B0066040E /* store data.swift in Sources */,
				3D3B8198293E4CE90066040E /* student class.swift in Sources */,
			);
			runOnlyForDeploymentPostprocessing = 0;
		};
/* End PBXSourcesBuildPhase section */

/* Begin XCBuildConfiguration section */
		3D3B817C293DAA480066040E /* Debug */ = {
			isa = XCBuildConfiguration;
			buildSettings = {
				ALWAYS_SEARCH_USER_PATHS = NO;
				CLANG_ANALYZER_NONNULL = YES;
				CLANG_ANALYZER_NUMBER_OBJECT_CONVERSION = YES_AGGRESSIVE;
				CLANG_CXX_LANGUAGE_STANDARD = "gnu++17";
				CLANG_ENABLE_MODULES = YES;
				CLANG_ENABLE_OBJC_ARC = YES;
				CLANG_ENABLE_OBJC_WEAK = YES;
				CLANG_WARN_BLOCK_CAPTURE_AUTORELEASING = YES;
				CLANG_WARN_BOOL_CONVERSION = YES;
				CLANG_WARN_COMMA = YES;
				CLANG_WARN_CONSTANT_CONVERSION = YES;
				CLANG_WARN_DEPRECATED_OBJC_IMPLEMENTATIONS = YES;
				CLANG_WARN_DIRECT_OBJC_ISA_USAGE = YES_ERROR;
				CLANG_WARN_DOCUMENTATION_COMMENTS = YES;
				CLANG_WARN_EMPTY_BODY = YES;
				CLANG_WARN_ENUM_CONVERSION = YES;
				CLANG_WARN_INFINITE_RECURSION = YES;
				CLANG_WARN_INT_CONVERSION = YES;
				CLANG_WARN_NON_LITERAL_NULL_CONVERSION = YES;
				CLANG_WARN_OBJC_IMPLICIT_RETAIN_SELF = YES;
				CLANG_WARN_OBJC_LITERAL_CONVERSION = YES;
				CLANG_WARN_OBJC_ROOT_CLASS = YES_ERROR;
				CLANG_WARN_QUOTED_INCLUDE_IN_FRAMEWORK_HEADER = YES;
				CLANG_WARN_RANGE_LOOP_ANALYSIS = YES;
				CLANG_WARN_STRICT_PROTOTYPES = YES;
				CLANG_WARN_SUSPICIOUS_MOVE = YES;
				CLANG_WARN_UNGUARDED_AVAILABILITY = YES_AGGRESSIVE;
				CLANG_WARN_UNREACHABLE_CODE = YES;
				CLANG_WARN__DUPLICATE_METHOD_MATCH = YES;
				COPY_PHASE_STRIP = NO;
				DEBUG_INFORMATION_FORMAT = dwarf;
				ENABLE_STRICT_OBJC_MSGSEND = YES;
				ENABLE_TESTABILITY = YES;
				GCC_C_LANGUAGE_STANDARD = gnu11;
				GCC_DYNAMIC_NO_PIC = NO;
				GCC_NO_COMMON_BLOCKS = YES;
				GCC_OPTIMIZATION_LEVEL = 0;
				GCC_PREPROCESSOR_DEFINITIONS = (
					"DEBUG=1",
					"$(inherited)",
				);
				GCC_WARN_64_TO_32_BIT_CONVERSION = YES;
				GCC_WARN_ABOUT_RETURN_TYPE = YES_ERROR;
				GCC_WARN_UNDECLARED_SELECTOR = YES;
				GCC_WARN_UNINITIALIZED_AUTOS = YES_AGGRESSIVE;
				GCC_WARN_UNUSED_FUNCTION = YES;
				GCC_WARN_UNUSED_VARIABLE = YES;
				INFOPLIST_OUTPUT_FORMAT = "same-as-input";
				MACOSX_DEPLOYMENT_TARGET = 12.3;
				MTL_ENABLE_DEBUG_INFO = INCLUDE_SOURCE;
				MTL_FAST_MATH = YES;
				NEW_SETTING = "";
				ONLY_ACTIVE_ARCH = YES;
				SDKROOT = macosx;
				SWIFT_ACTIVE_COMPILATION_CONDITIONS = DEBUG;
				SWIFT_OPTIMIZATION_LEVEL = "-Onone";
			};
			name = Debug;
		};
		3D3B817D293DAA480066040E /* Release */ = {
			isa = XCBuildConfiguration;
			buildSettings = {
				ALWAYS_SEARCH_USER_PATHS = NO;
				CLANG_ANALYZER_NONNULL = YES;
				CLANG_ANALYZER_NUMBER_OBJECT_CONVERSION = YES_AGGRESSIVE;
				CLANG_CXX_LANGUAGE_STANDARD = "gnu++17";
				CLANG_ENABLE_MODULES = YES;
				CLANG_ENABLE_OBJC_ARC = YES;
				CLANG_ENABLE_OBJC_WEAK = YES;
				CLANG_WARN_BLOCK_CAPTURE_AUTORELEASING = YES;
				CLANG_WARN_BOOL_CONVERSION = YES;
				CLANG_WARN_COMMA = YES;
				CLANG_WARN_CONSTANT_CONVERSION = YES;
				CLANG_WARN_DEPRECATED_OBJC_IMPLEMENTATIONS = YES;
				CLANG_WARN_DIRECT_OBJC_ISA_USAGE = YES_ERROR;
				CLANG_WARN_DOCUMENTATION_COMMENTS = YES;
				CLANG_WARN_EMPTY_BODY = YES;
				CLANG_WARN_ENUM_CONVERSION = YES;
				CLANG_WARN_INFINITE_RECURSION = YES;
				CLANG_WARN_INT_CONVERSION = YES;
				CLANG_WARN_NON_LITERAL_NULL_CONVERSION = YES;
				CLANG_WARN_OBJC_IMPLICIT_RETAIN_SELF = YES;
				CLANG_WARN_OBJC_LITERAL_CONVERSION = YES;
				CLANG_WARN_OBJC_ROOT_CLASS = YES_ERROR;
				CLANG_WARN_QUOTED_INCLUDE_IN_FRAMEWORK_HEADER = YES;
				CLANG_WARN_RANGE_LOOP_ANALYSIS = YES;
				CLANG_WARN_STRICT_PROTOTYPES = YES;
				CLANG_WARN_SUSPICIOUS_MOVE = YES;
				CLANG_WARN_UNGUARDED_AVAILABILITY = YES_AGGRESSIVE;
				CLANG_WARN_UNREACHABLE_CODE = YES;
				CLANG_WARN__DUPLICATE_METHOD_MATCH = YES;
				COPY_PHASE_STRIP = NO;
				DEBUG_INFORMATION_FORMAT = "dwarf-with-dsym";
				ENABLE_NS_ASSERTIONS = NO;
				ENABLE_STRICT_OBJC_MSGSEND = YES;
				GCC_C_LANGUAGE_STANDARD = gnu11;
				GCC_NO_COMMON_BLOCKS = YES;
				GCC_WARN_64_TO_32_BIT_CONVERSION = YES;
				GCC_WARN_ABOUT_RETURN_TYPE = YES_ERROR;
				GCC_WARN_UNDECLARED_SELECTOR = YES;
				GCC_WARN_UNINITIALIZED_AUTOS = YES_AGGRESSIVE;
				GCC_WARN_UNUSED_FUNCTION = YES;
				GCC_WARN_UNUSED_VARIABLE = YES;
				INFOPLIST_OUTPUT_FORMAT = "same-as-input";
				MACOSX_DEPLOYMENT_TARGET = 12.3;
				MTL_ENABLE_DEBUG_INFO = NO;
				MTL_FAST_MATH = YES;
				NEW_SETTING = "";
				SDKROOT = macosx;
				SWIFT_COMPILATION_MODE = wholemodule;
				SWIFT_OPTIMIZATION_LEVEL = "-O";
			};
			name = Release;
		};
		3D3B817F293DAA480066040E /* Debug */ = {
			isa = XCBuildConfiguration;
			buildSettings = {
				CODE_SIGN_STYLE = Automatic;
				GENERATE_INFOPLIST_FILE = NO;
				INFOPLIST_FILE = "/Users/Junely/Desktop/새싹/tastycode_SeSAC_1st/MyCreditManager_cdenen20/MyCreditManager_cdenen20/backupData.plist";
				INFOPLIST_OUTPUT_FORMAT = "same-as-input";
				INFOPLIST_PREPROCESS = YES;
				PLIST_FILE_OUTPUT_FORMAT = "same-as-input";
				PRODUCT_NAME = "$(TARGET_NAME)";
				SWIFT_VERSION = 5.0;
			};
			name = Debug;
		};
		3D3B8180293DAA480066040E /* Release */ = {
			isa = XCBuildConfiguration;
			buildSettings = {
				CODE_SIGN_STYLE = Automatic;
				GENERATE_INFOPLIST_FILE = NO;
				INFOPLIST_FILE = "/Users/Junely/Desktop/새싹/tastycode_SeSAC_1st/MyCreditManager_cdenen20/MyCreditManager_cdenen20/backupData.plist";
				INFOPLIST_OUTPUT_FORMAT = "same-as-input";
				INFOPLIST_PREPROCESS = YES;
				PLIST_FILE_OUTPUT_FORMAT = "same-as-input";
				PRODUCT_NAME = "$(TARGET_NAME)";
				SWIFT_VERSION = 5.0;
			};
			name = Release;
		};
/* End XCBuildConfiguration section */

/* Begin XCConfigurationList section */
		3D3B8172293DAA470066040E /* Build configuration list for PBXProject "MyCreditManager_cdenen20" */ = {
			isa = XCConfigurationList;
			buildConfigurations = (
				3D3B817C293DAA480066040E /* Debug */,
				3D3B817D293DAA480066040E /* Release */,
			);
			defaultConfigurationIsVisible = 0;
			defaultConfigurationName = Release;
		};
		3D3B817E293DAA480066040E /* Build configuration list for PBXNativeTarget "MyCreditManager_cdenen20" */ = {
			isa = XCConfigurationList;
			buildConfigurations = (
				3D3B817F293DAA480066040E /* Debug */,
				3D3B8180293DAA480066040E /* Release */,
			);
			defaultConfigurationIsVisible = 0;
			defaultConfigurationName = Release;
		};
/* End XCConfigurationList section */
	};
	rootObject = 3D3B816F293DAA470066040E /* Project object */;
}
