// !$*UTF8*$!
{
	archiveVersion = 1;
	classes = {
	};
	objectVersion = 56;
	objects = {

/* Begin PBXBuildFile section */
		7F3CC6772A8B62D400ECA079 /* main.swift in Sources */ = {isa = PBXBuildFile; fileRef = 7F3CC6762A8B62D400ECA079 /* main.swift */; };
		7FB2DEFC2A8DFF7800A1BA03 /* ReportCard.swift in Sources */ = {isa = PBXBuildFile; fileRef = 7FB2DEFB2A8DFF7800A1BA03 /* ReportCard.swift */; };
		7FB2DF002A8E042500A1BA03 /* MyCreditManager.swift in Sources */ = {isa = PBXBuildFile; fileRef = 7FB2DEFF2A8E042500A1BA03 /* MyCreditManager.swift */; };
		7FB2DF052A8FB77300A1BA03 /* Grade.swift in Sources */ = {isa = PBXBuildFile; fileRef = 7FB2DF042A8FB77300A1BA03 /* Grade.swift */; };
/* End PBXBuildFile section */

/* Begin PBXCopyFilesBuildPhase section */
		7F3CC6712A8B62D400ECA079 /* CopyFiles */ = {
			isa = PBXCopyFilesBuildPhase;
			buildActionMask = 2147483647;
			dstPath = /usr/share/man/man1/;
			dstSubfolderSpec = 0;
			files = (
			);
			runOnlyForDeploymentPostprocessing = 1;
		};
/* End PBXCopyFilesBuildPhase section */

/* Begin PBXFileReference section */
		7F3CC6732A8B62D400ECA079 /* MyCreditManager_2_kbs96117 */ = {isa = PBXFileReference; explicitFileType = "compiled.mach-o.executable"; includeInIndex = 0; path = MyCreditManager_2_kbs96117; sourceTree = BUILT_PRODUCTS_DIR; };
		7F3CC6762A8B62D400ECA079 /* main.swift */ = {isa = PBXFileReference; lastKnownFileType = sourcecode.swift; path = main.swift; sourceTree = "<group>"; };
		7FB2DEFB2A8DFF7800A1BA03 /* ReportCard.swift */ = {isa = PBXFileReference; lastKnownFileType = sourcecode.swift; path = ReportCard.swift; sourceTree = "<group>"; };
		7FB2DEFF2A8E042500A1BA03 /* MyCreditManager.swift */ = {isa = PBXFileReference; lastKnownFileType = sourcecode.swift; path = MyCreditManager.swift; sourceTree = "<group>"; };
		7FB2DF042A8FB77300A1BA03 /* Grade.swift */ = {isa = PBXFileReference; lastKnownFileType = sourcecode.swift; path = Grade.swift; sourceTree = "<group>"; };
/* End PBXFileReference section */

/* Begin PBXFrameworksBuildPhase section */
		7F3CC6702A8B62D400ECA079 /* Frameworks */ = {
			isa = PBXFrameworksBuildPhase;
			buildActionMask = 2147483647;
			files = (
			);
			runOnlyForDeploymentPostprocessing = 0;
		};
/* End PBXFrameworksBuildPhase section */

/* Begin PBXGroup section */
		7F3CC66A2A8B62D400ECA079 = {
			isa = PBXGroup;
			children = (
				7F3CC6752A8B62D400ECA079 /* MyCreditManager_2_kbs96117 */,
				7F3CC6742A8B62D400ECA079 /* Products */,
			);
			sourceTree = "<group>";
		};
		7F3CC6742A8B62D400ECA079 /* Products */ = {
			isa = PBXGroup;
			children = (
				7F3CC6732A8B62D400ECA079 /* MyCreditManager_2_kbs96117 */,
			);
			name = Products;
			sourceTree = "<group>";
		};
		7F3CC6752A8B62D400ECA079 /* MyCreditManager_2_kbs96117 */ = {
			isa = PBXGroup;
			children = (
				7F3CC6762A8B62D400ECA079 /* main.swift */,
				7FB2DEFE2A8E03F900A1BA03 /* Class */,
				7FB2DEFA2A8DFF5B00A1BA03 /* Models */,
			);
			path = MyCreditManager_2_kbs96117;
			sourceTree = "<group>";
		};
		7FB2DEFA2A8DFF5B00A1BA03 /* Models */ = {
			isa = PBXGroup;
			children = (
				7FB2DEFB2A8DFF7800A1BA03 /* ReportCard.swift */,
				7FB2DF042A8FB77300A1BA03 /* Grade.swift */,
			);
			path = Models;
			sourceTree = "<group>";
		};
		7FB2DEFE2A8E03F900A1BA03 /* Class */ = {
			isa = PBXGroup;
			children = (
				7FB2DEFF2A8E042500A1BA03 /* MyCreditManager.swift */,
			);
			path = Class;
			sourceTree = "<group>";
		};
/* End PBXGroup section */

/* Begin PBXNativeTarget section */
		7F3CC6722A8B62D400ECA079 /* MyCreditManager_2_kbs96117 */ = {
			isa = PBXNativeTarget;
			buildConfigurationList = 7F3CC67A2A8B62D400ECA079 /* Build configuration list for PBXNativeTarget "MyCreditManager_2_kbs96117" */;
			buildPhases = (
				7F3CC66F2A8B62D400ECA079 /* Sources */,
				7F3CC6702A8B62D400ECA079 /* Frameworks */,
				7F3CC6712A8B62D400ECA079 /* CopyFiles */,
			);
			buildRules = (
			);
			dependencies = (
			);
			name = MyCreditManager_2_kbs96117;
			productName = MyCreditManager_2_kbs96117;
			productReference = 7F3CC6732A8B62D400ECA079 /* MyCreditManager_2_kbs96117 */;
			productType = "com.apple.product-type.tool";
		};
/* End PBXNativeTarget section */

/* Begin PBXProject section */
		7F3CC66B2A8B62D400ECA079 /* Project object */ = {
			isa = PBXProject;
			attributes = {
				BuildIndependentTargetsInParallel = 1;
				LastSwiftUpdateCheck = 1430;
				LastUpgradeCheck = 1430;
				TargetAttributes = {
					7F3CC6722A8B62D400ECA079 = {
						CreatedOnToolsVersion = 14.3.1;
					};
				};
			};
			buildConfigurationList = 7F3CC66E2A8B62D400ECA079 /* Build configuration list for PBXProject "MyCreditManager_2_kbs96117" */;
			compatibilityVersion = "Xcode 14.0";
			developmentRegion = en;
			hasScannedForEncodings = 0;
			knownRegions = (
				en,
				Base,
			);
			mainGroup = 7F3CC66A2A8B62D400ECA079;
			productRefGroup = 7F3CC6742A8B62D400ECA079 /* Products */;
			projectDirPath = "";
			projectRoot = "";
			targets = (
				7F3CC6722A8B62D400ECA079 /* MyCreditManager_2_kbs96117 */,
			);
		};
/* End PBXProject section */

/* Begin PBXSourcesBuildPhase section */
		7F3CC66F2A8B62D400ECA079 /* Sources */ = {
			isa = PBXSourcesBuildPhase;
			buildActionMask = 2147483647;
			files = (
				7FB2DF002A8E042500A1BA03 /* MyCreditManager.swift in Sources */,
				7FB2DF052A8FB77300A1BA03 /* Grade.swift in Sources */,
				7F3CC6772A8B62D400ECA079 /* main.swift in Sources */,
				7FB2DEFC2A8DFF7800A1BA03 /* ReportCard.swift in Sources */,
			);
			runOnlyForDeploymentPostprocessing = 0;
		};
/* End PBXSourcesBuildPhase section */

/* Begin XCBuildConfiguration section */
		7F3CC6782A8B62D400ECA079 /* Debug */ = {
			isa = XCBuildConfiguration;
			buildSettings = {
				ALWAYS_SEARCH_USER_PATHS = NO;
				CLANG_ANALYZER_NONNULL = YES;
				CLANG_ANALYZER_NUMBER_OBJECT_CONVERSION = YES_AGGRESSIVE;
				CLANG_CXX_LANGUAGE_STANDARD = "gnu++20";
				CLANG_ENABLE_MODULES = YES;
				CLANG_ENABLE_OBJC_ARC = YES;
				CLANG_ENABLE_OBJC_WEAK = YES;
				CLANG_WARN_BLOCK_CAPTURE_AUTORELEASING = YES;
				CLANG_WARN_BOOL_CONVERSION = YES;
				CLANG_WARN_COMMA = YES;
				CLANG_WARN_CONSTANT_CONVERSION = YES;
				CLANG_WARN_DEPRECATED_OBJC_IMPLEMENTATIONS = YES;
				CLANG_WARN_DIRECT_OBJC_ISA_USAGE = YES_ERROR;
				CLANG_WARN_DOCUMENTATION_COMMENTS = YES;
				CLANG_WARN_EMPTY_BODY = YES;
				CLANG_WARN_ENUM_CONVERSION = YES;
				CLANG_WARN_INFINITE_RECURSION = YES;
				CLANG_WARN_INT_CONVERSION = YES;
				CLANG_WARN_NON_LITERAL_NULL_CONVERSION = YES;
				CLANG_WARN_OBJC_IMPLICIT_RETAIN_SELF = YES;
				CLANG_WARN_OBJC_LITERAL_CONVERSION = YES;
				CLANG_WARN_OBJC_ROOT_CLASS = YES_ERROR;
				CLANG_WARN_QUOTED_INCLUDE_IN_FRAMEWORK_HEADER = YES;
				CLANG_WARN_RANGE_LOOP_ANALYSIS = YES;
				CLANG_WARN_STRICT_PROTOTYPES = YES;
				CLANG_WARN_SUSPICIOUS_MOVE = YES;
				CLANG_WARN_UNGUARDED_AVAILABILITY = YES_AGGRESSIVE;
				CLANG_WARN_UNREACHABLE_CODE = YES;
				CLANG_WARN__DUPLICATE_METHOD_MATCH = YES;
				COPY_PHASE_STRIP = NO;
				DEBUG_INFORMATION_FORMAT = dwarf;
				ENABLE_STRICT_OBJC_MSGSEND = YES;
				ENABLE_TESTABILITY = YES;
				GCC_C_LANGUAGE_STANDARD = gnu11;
				GCC_DYNAMIC_NO_PIC = NO;
				GCC_NO_COMMON_BLOCKS = YES;
				GCC_OPTIMIZATION_LEVEL = 0;
				GCC_PREPROCESSOR_DEFINITIONS = (
					"DEBUG=1",
					"$(inherited)",
				);
				GCC_WARN_64_TO_32_BIT_CONVERSION = YES;
				GCC_WARN_ABOUT_RETURN_TYPE = YES_ERROR;
				GCC_WARN_UNDECLARED_SELECTOR = YES;
				GCC_WARN_UNINITIALIZED_AUTOS = YES_AGGRESSIVE;
				GCC_WARN_UNUSED_FUNCTION = YES;
				GCC_WARN_UNUSED_VARIABLE = YES;
				MACOSX_DEPLOYMENT_TARGET = 13.3;
				MTL_ENABLE_DEBUG_INFO = INCLUDE_SOURCE;
				MTL_FAST_MATH = YES;
				ONLY_ACTIVE_ARCH = YES;
				SDKROOT = macosx;
				SWIFT_ACTIVE_COMPILATION_CONDITIONS = DEBUG;
				SWIFT_OPTIMIZATION_LEVEL = "-Onone";
			};
			name = Debug;
		};
		7F3CC6792A8B62D400ECA079 /* Release */ = {
			isa = XCBuildConfiguration;
			buildSettings = {
				ALWAYS_SEARCH_USER_PATHS = NO;
				CLANG_ANALYZER_NONNULL = YES;
				CLANG_ANALYZER_NUMBER_OBJECT_CONVERSION = YES_AGGRESSIVE;
				CLANG_CXX_LANGUAGE_STANDARD = "gnu++20";
				CLANG_ENABLE_MODULES = YES;
				CLANG_ENABLE_OBJC_ARC = YES;
				CLANG_ENABLE_OBJC_WEAK = YES;
				CLANG_WARN_BLOCK_CAPTURE_AUTORELEASING = YES;
				CLANG_WARN_BOOL_CONVERSION = YES;
				CLANG_WARN_COMMA = YES;
				CLANG_WARN_CONSTANT_CONVERSION = YES;
				CLANG_WARN_DEPRECATED_OBJC_IMPLEMENTATIONS = YES;
				CLANG_WARN_DIRECT_OBJC_ISA_USAGE = YES_ERROR;
				CLANG_WARN_DOCUMENTATION_COMMENTS = YES;
				CLANG_WARN_EMPTY_BODY = YES;
				CLANG_WARN_ENUM_CONVERSION = YES;
				CLANG_WARN_INFINITE_RECURSION = YES;
				CLANG_WARN_INT_CONVERSION = YES;
				CLANG_WARN_NON_LITERAL_NULL_CONVERSION = YES;
				CLANG_WARN_OBJC_IMPLICIT_RETAIN_SELF = YES;
				CLANG_WARN_OBJC_LITERAL_CONVERSION = YES;
				CLANG_WARN_OBJC_ROOT_CLASS = YES_ERROR;
				CLANG_WARN_QUOTED_INCLUDE_IN_FRAMEWORK_HEADER = YES;
				CLANG_WARN_RANGE_LOOP_ANALYSIS = YES;
				CLANG_WARN_STRICT_PROTOTYPES = YES;
				CLANG_WARN_SUSPICIOUS_MOVE = YES;
				CLANG_WARN_UNGUARDED_AVAILABILITY = YES_AGGRESSIVE;
				CLANG_WARN_UNREACHABLE_CODE = YES;
				CLANG_WARN__DUPLICATE_METHOD_MATCH = YES;
				COPY_PHASE_STRIP = NO;
				DEBUG_INFORMATION_FORMAT = "dwarf-with-dsym";
				ENABLE_NS_ASSERTIONS = NO;
				ENABLE_STRICT_OBJC_MSGSEND = YES;
				GCC_C_LANGUAGE_STANDARD = gnu11;
				GCC_NO_COMMON_BLOCKS = YES;
				GCC_WARN_64_TO_32_BIT_CONVERSION = YES;
				GCC_WARN_ABOUT_RETURN_TYPE = YES_ERROR;
				GCC_WARN_UNDECLARED_SELECTOR = YES;
				GCC_WARN_UNINITIALIZED_AUTOS = YES_AGGRESSIVE;
				GCC_WARN_UNUSED_FUNCTION = YES;
				GCC_WARN_UNUSED_VARIABLE = YES;
				MACOSX_DEPLOYMENT_TARGET = 13.3;
				MTL_ENABLE_DEBUG_INFO = NO;
				MTL_FAST_MATH = YES;
				SDKROOT = macosx;
				SWIFT_COMPILATION_MODE = wholemodule;
				SWIFT_OPTIMIZATION_LEVEL = "-O";
			};
			name = Release;
		};
		7F3CC67B2A8B62D400ECA079 /* Debug */ = {
			isa = XCBuildConfiguration;
			buildSettings = {
				CODE_SIGN_STYLE = Automatic;
				PRODUCT_NAME = "$(TARGET_NAME)";
				SWIFT_VERSION = 5.0;
			};
			name = Debug;
		};
		7F3CC67C2A8B62D400ECA079 /* Release */ = {
			isa = XCBuildConfiguration;
			buildSettings = {
				CODE_SIGN_STYLE = Automatic;
				PRODUCT_NAME = "$(TARGET_NAME)";
				SWIFT_VERSION = 5.0;
			};
			name = Release;
		};
/* End XCBuildConfiguration section */

/* Begin XCConfigurationList section */
		7F3CC66E2A8B62D400ECA079 /* Build configuration list for PBXProject "MyCreditManager_2_kbs96117" */ = {
			isa = XCConfigurationList;
			buildConfigurations = (
				7F3CC6782A8B62D400ECA079 /* Debug */,
				7F3CC6792A8B62D400ECA079 /* Release */,
			);
			defaultConfigurationIsVisible = 0;
			defaultConfigurationName = Release;
		};
		7F3CC67A2A8B62D400ECA079 /* Build configuration list for PBXNativeTarget "MyCreditManager_2_kbs96117" */ = {
			isa = XCConfigurationList;
			buildConfigurations = (
				7F3CC67B2A8B62D400ECA079 /* Debug */,
				7F3CC67C2A8B62D400ECA079 /* Release */,
			);
			defaultConfigurationIsVisible = 0;
			defaultConfigurationName = Release;
		};
/* End XCConfigurationList section */
	};
	rootObject = 7F3CC66B2A8B62D400ECA079 /* Project object */;
}
