// !$*UTF8*$!
{
	archiveVersion = 1;
	classes = {
	};
	objectVersion = 56;
	objects = {

/* Begin PBXBuildFile section */
		EBECF44E2951467F00F52364 /* main.swift in Sources */ = {isa = PBXBuildFile; fileRef = EBECF44D2951467F00F52364 /* main.swift */; };
		EBECF455295146A400F52364 /* Student.swift in Sources */ = {isa = PBXBuildFile; fileRef = EBECF454295146A400F52364 /* Student.swift */; };
		EBECF457295146E800F52364 /* Grade.swift in Sources */ = {isa = PBXBuildFile; fileRef = EBECF456295146E800F52364 /* Grade.swift */; };
		EBECF459295146FD00F52364 /* GradeManager.swift in Sources */ = {isa = PBXBuildFile; fileRef = EBECF458295146FD00F52364 /* GradeManager.swift */; };
		EBECF45B2951471200F52364 /* GradeManagerSystem.swift in Sources */ = {isa = PBXBuildFile; fileRef = EBECF45A2951471200F52364 /* GradeManagerSystem.swift */; };
		EBECF45D2951473B00F52364 /* InputManager.swift in Sources */ = {isa = PBXBuildFile; fileRef = EBECF45C2951473B00F52364 /* InputManager.swift */; };
		EBECF45F2951475100F52364 /* InputError.swift in Sources */ = {isa = PBXBuildFile; fileRef = EBECF45E2951475100F52364 /* InputError.swift */; };
/* End PBXBuildFile section */

/* Begin PBXCopyFilesBuildPhase section */
		EBECF4482951467F00F52364 /* CopyFiles */ = {
			isa = PBXCopyFilesBuildPhase;
			buildActionMask = 2147483647;
			dstPath = /usr/share/man/man1/;
			dstSubfolderSpec = 0;
			files = (
			);
			runOnlyForDeploymentPostprocessing = 1;
		};
/* End PBXCopyFilesBuildPhase section */

/* Begin PBXFileReference section */
		EBECF44A2951467F00F52364 /* StudentGradeManager */ = {isa = PBXFileReference; explicitFileType = "compiled.mach-o.executable"; includeInIndex = 0; path = StudentGradeManager; sourceTree = BUILT_PRODUCTS_DIR; };
		EBECF44D2951467F00F52364 /* main.swift */ = {isa = PBXFileReference; lastKnownFileType = sourcecode.swift; path = main.swift; sourceTree = "<group>"; };
		EBECF454295146A400F52364 /* Student.swift */ = {isa = PBXFileReference; lastKnownFileType = sourcecode.swift; path = Student.swift; sourceTree = "<group>"; };
		EBECF456295146E800F52364 /* Grade.swift */ = {isa = PBXFileReference; lastKnownFileType = sourcecode.swift; path = Grade.swift; sourceTree = "<group>"; };
		EBECF458295146FD00F52364 /* GradeManager.swift */ = {isa = PBXFileReference; lastKnownFileType = sourcecode.swift; path = GradeManager.swift; sourceTree = "<group>"; };
		EBECF45A2951471200F52364 /* GradeManagerSystem.swift */ = {isa = PBXFileReference; lastKnownFileType = sourcecode.swift; path = GradeManagerSystem.swift; sourceTree = "<group>"; };
		EBECF45C2951473B00F52364 /* InputManager.swift */ = {isa = PBXFileReference; lastKnownFileType = sourcecode.swift; path = InputManager.swift; sourceTree = "<group>"; };
		EBECF45E2951475100F52364 /* InputError.swift */ = {isa = PBXFileReference; lastKnownFileType = sourcecode.swift; path = InputError.swift; sourceTree = "<group>"; };
/* End PBXFileReference section */

/* Begin PBXFrameworksBuildPhase section */
		EBECF4472951467F00F52364 /* Frameworks */ = {
			isa = PBXFrameworksBuildPhase;
			buildActionMask = 2147483647;
			files = (
			);
			runOnlyForDeploymentPostprocessing = 0;
		};
/* End PBXFrameworksBuildPhase section */

/* Begin PBXGroup section */
		EBECF4412951467F00F52364 = {
			isa = PBXGroup;
			children = (
				EBECF44C2951467F00F52364 /* StudentGradeManager */,
				EBECF44B2951467F00F52364 /* Products */,
			);
			sourceTree = "<group>";
		};
		EBECF44B2951467F00F52364 /* Products */ = {
			isa = PBXGroup;
			children = (
				EBECF44A2951467F00F52364 /* StudentGradeManager */,
			);
			name = Products;
			sourceTree = "<group>";
		};
		EBECF44C2951467F00F52364 /* StudentGradeManager */ = {
			isa = PBXGroup;
			children = (
				EBECF44D2951467F00F52364 /* main.swift */,
				EBECF454295146A400F52364 /* Student.swift */,
				EBECF456295146E800F52364 /* Grade.swift */,
				EBECF458295146FD00F52364 /* GradeManager.swift */,
				EBECF45A2951471200F52364 /* GradeManagerSystem.swift */,
				EBECF45C2951473B00F52364 /* InputManager.swift */,
				EBECF45E2951475100F52364 /* InputError.swift */,
			);
			path = StudentGradeManager;
			sourceTree = "<group>";
		};
/* End PBXGroup section */

/* Begin PBXNativeTarget section */
		EBECF4492951467F00F52364 /* StudentGradeManager */ = {
			isa = PBXNativeTarget;
			buildConfigurationList = EBECF4512951467F00F52364 /* Build configuration list for PBXNativeTarget "StudentGradeManager" */;
			buildPhases = (
				EBECF4462951467F00F52364 /* Sources */,
				EBECF4472951467F00F52364 /* Frameworks */,
				EBECF4482951467F00F52364 /* CopyFiles */,
			);
			buildRules = (
			);
			dependencies = (
			);
			name = StudentGradeManager;
			productName = StudentGradeManager;
			productReference = EBECF44A2951467F00F52364 /* StudentGradeManager */;
			productType = "com.apple.product-type.tool";
		};
/* End PBXNativeTarget section */

/* Begin PBXProject section */
		EBECF4422951467F00F52364 /* Project object */ = {
			isa = PBXProject;
			attributes = {
				BuildIndependentTargetsInParallel = 1;
				LastSwiftUpdateCheck = 1420;
				LastUpgradeCheck = 1420;
				TargetAttributes = {
					EBECF4492951467F00F52364 = {
						CreatedOnToolsVersion = 14.2;
					};
				};
			};
			buildConfigurationList = EBECF4452951467F00F52364 /* Build configuration list for PBXProject "StudentGradeManager" */;
			compatibilityVersion = "Xcode 14.0";
			developmentRegion = en;
			hasScannedForEncodings = 0;
			knownRegions = (
				en,
				Base,
			);
			mainGroup = EBECF4412951467F00F52364;
			productRefGroup = EBECF44B2951467F00F52364 /* Products */;
			projectDirPath = "";
			projectRoot = "";
			targets = (
				EBECF4492951467F00F52364 /* StudentGradeManager */,
			);
		};
/* End PBXProject section */

/* Begin PBXSourcesBuildPhase section */
		EBECF4462951467F00F52364 /* Sources */ = {
			isa = PBXSourcesBuildPhase;
			buildActionMask = 2147483647;
			files = (
				EBECF45D2951473B00F52364 /* InputManager.swift in Sources */,
				EBECF45F2951475100F52364 /* InputError.swift in Sources */,
				EBECF44E2951467F00F52364 /* main.swift in Sources */,
				EBECF455295146A400F52364 /* Student.swift in Sources */,
				EBECF457295146E800F52364 /* Grade.swift in Sources */,
				EBECF459295146FD00F52364 /* GradeManager.swift in Sources */,
				EBECF45B2951471200F52364 /* GradeManagerSystem.swift in Sources */,
			);
			runOnlyForDeploymentPostprocessing = 0;
		};
/* End PBXSourcesBuildPhase section */

/* Begin XCBuildConfiguration section */
		EBECF44F2951467F00F52364 /* Debug */ = {
			isa = XCBuildConfiguration;
			buildSettings = {
				ALWAYS_SEARCH_USER_PATHS = NO;
				CLANG_ANALYZER_NONNULL = YES;
				CLANG_ANALYZER_NUMBER_OBJECT_CONVERSION = YES_AGGRESSIVE;
				CLANG_CXX_LANGUAGE_STANDARD = "gnu++20";
				CLANG_ENABLE_MODULES = YES;
				CLANG_ENABLE_OBJC_ARC = YES;
				CLANG_ENABLE_OBJC_WEAK = YES;
				CLANG_WARN_BLOCK_CAPTURE_AUTORELEASING = YES;
				CLANG_WARN_BOOL_CONVERSION = YES;
				CLANG_WARN_COMMA = YES;
				CLANG_WARN_CONSTANT_CONVERSION = YES;
				CLANG_WARN_DEPRECATED_OBJC_IMPLEMENTATIONS = YES;
				CLANG_WARN_DIRECT_OBJC_ISA_USAGE = YES_ERROR;
				CLANG_WARN_DOCUMENTATION_COMMENTS = YES;
				CLANG_WARN_EMPTY_BODY = YES;
				CLANG_WARN_ENUM_CONVERSION = YES;
				CLANG_WARN_INFINITE_RECURSION = YES;
				CLANG_WARN_INT_CONVERSION = YES;
				CLANG_WARN_NON_LITERAL_NULL_CONVERSION = YES;
				CLANG_WARN_OBJC_IMPLICIT_RETAIN_SELF = YES;
				CLANG_WARN_OBJC_LITERAL_CONVERSION = YES;
				CLANG_WARN_OBJC_ROOT_CLASS = YES_ERROR;
				CLANG_WARN_QUOTED_INCLUDE_IN_FRAMEWORK_HEADER = YES;
				CLANG_WARN_RANGE_LOOP_ANALYSIS = YES;
				CLANG_WARN_STRICT_PROTOTYPES = YES;
				CLANG_WARN_SUSPICIOUS_MOVE = YES;
				CLANG_WARN_UNGUARDED_AVAILABILITY = YES_AGGRESSIVE;
				CLANG_WARN_UNREACHABLE_CODE = YES;
				CLANG_WARN__DUPLICATE_METHOD_MATCH = YES;
				COPY_PHASE_STRIP = NO;
				DEBUG_INFORMATION_FORMAT = dwarf;
				ENABLE_STRICT_OBJC_MSGSEND = YES;
				ENABLE_TESTABILITY = YES;
				GCC_C_LANGUAGE_STANDARD = gnu11;
				GCC_DYNAMIC_NO_PIC = NO;
				GCC_NO_COMMON_BLOCKS = YES;
				GCC_OPTIMIZATION_LEVEL = 0;
				GCC_PREPROCESSOR_DEFINITIONS = (
					"DEBUG=1",
					"$(inherited)",
				);
				GCC_WARN_64_TO_32_BIT_CONVERSION = YES;
				GCC_WARN_ABOUT_RETURN_TYPE = YES_ERROR;
				GCC_WARN_UNDECLARED_SELECTOR = YES;
				GCC_WARN_UNINITIALIZED_AUTOS = YES_AGGRESSIVE;
				GCC_WARN_UNUSED_FUNCTION = YES;
				GCC_WARN_UNUSED_VARIABLE = YES;
				MACOSX_DEPLOYMENT_TARGET = 13.0;
				MTL_ENABLE_DEBUG_INFO = INCLUDE_SOURCE;
				MTL_FAST_MATH = YES;
				ONLY_ACTIVE_ARCH = YES;
				SDKROOT = macosx;
				SWIFT_ACTIVE_COMPILATION_CONDITIONS = DEBUG;
				SWIFT_OPTIMIZATION_LEVEL = "-Onone";
			};
			name = Debug;
		};
		EBECF4502951467F00F52364 /* Release */ = {
			isa = XCBuildConfiguration;
			buildSettings = {
				ALWAYS_SEARCH_USER_PATHS = NO;
				CLANG_ANALYZER_NONNULL = YES;
				CLANG_ANALYZER_NUMBER_OBJECT_CONVERSION = YES_AGGRESSIVE;
				CLANG_CXX_LANGUAGE_STANDARD = "gnu++20";
				CLANG_ENABLE_MODULES = YES;
				CLANG_ENABLE_OBJC_ARC = YES;
				CLANG_ENABLE_OBJC_WEAK = YES;
				CLANG_WARN_BLOCK_CAPTURE_AUTORELEASING = YES;
				CLANG_WARN_BOOL_CONVERSION = YES;
				CLANG_WARN_COMMA = YES;
				CLANG_WARN_CONSTANT_CONVERSION = YES;
				CLANG_WARN_DEPRECATED_OBJC_IMPLEMENTATIONS = YES;
				CLANG_WARN_DIRECT_OBJC_ISA_USAGE = YES_ERROR;
				CLANG_WARN_DOCUMENTATION_COMMENTS = YES;
				CLANG_WARN_EMPTY_BODY = YES;
				CLANG_WARN_ENUM_CONVERSION = YES;
				CLANG_WARN_INFINITE_RECURSION = YES;
				CLANG_WARN_INT_CONVERSION = YES;
				CLANG_WARN_NON_LITERAL_NULL_CONVERSION = YES;
				CLANG_WARN_OBJC_IMPLICIT_RETAIN_SELF = YES;
				CLANG_WARN_OBJC_LITERAL_CONVERSION = YES;
				CLANG_WARN_OBJC_ROOT_CLASS = YES_ERROR;
				CLANG_WARN_QUOTED_INCLUDE_IN_FRAMEWORK_HEADER = YES;
				CLANG_WARN_RANGE_LOOP_ANALYSIS = YES;
				CLANG_WARN_STRICT_PROTOTYPES = YES;
				CLANG_WARN_SUSPICIOUS_MOVE = YES;
				CLANG_WARN_UNGUARDED_AVAILABILITY = YES_AGGRESSIVE;
				CLANG_WARN_UNREACHABLE_CODE = YES;
				CLANG_WARN__DUPLICATE_METHOD_MATCH = YES;
				COPY_PHASE_STRIP = NO;
				DEBUG_INFORMATION_FORMAT = "dwarf-with-dsym";
				ENABLE_NS_ASSERTIONS = NO;
				ENABLE_STRICT_OBJC_MSGSEND = YES;
				GCC_C_LANGUAGE_STANDARD = gnu11;
				GCC_NO_COMMON_BLOCKS = YES;
				GCC_WARN_64_TO_32_BIT_CONVERSION = YES;
				GCC_WARN_ABOUT_RETURN_TYPE = YES_ERROR;
				GCC_WARN_UNDECLARED_SELECTOR = YES;
				GCC_WARN_UNINITIALIZED_AUTOS = YES_AGGRESSIVE;
				GCC_WARN_UNUSED_FUNCTION = YES;
				GCC_WARN_UNUSED_VARIABLE = YES;
				MACOSX_DEPLOYMENT_TARGET = 13.0;
				MTL_ENABLE_DEBUG_INFO = NO;
				MTL_FAST_MATH = YES;
				SDKROOT = macosx;
				SWIFT_COMPILATION_MODE = wholemodule;
				SWIFT_OPTIMIZATION_LEVEL = "-O";
			};
			name = Release;
		};
		EBECF4522951467F00F52364 /* Debug */ = {
			isa = XCBuildConfiguration;
			buildSettings = {
				CODE_SIGN_STYLE = Automatic;
				PRODUCT_NAME = "$(TARGET_NAME)";
				SWIFT_VERSION = 5.0;
			};
			name = Debug;
		};
		EBECF4532951467F00F52364 /* Release */ = {
			isa = XCBuildConfiguration;
			buildSettings = {
				CODE_SIGN_STYLE = Automatic;
				PRODUCT_NAME = "$(TARGET_NAME)";
				SWIFT_VERSION = 5.0;
			};
			name = Release;
		};
/* End XCBuildConfiguration section */

/* Begin XCConfigurationList section */
		EBECF4452951467F00F52364 /* Build configuration list for PBXProject "StudentGradeManager" */ = {
			isa = XCConfigurationList;
			buildConfigurations = (
				EBECF44F2951467F00F52364 /* Debug */,
				EBECF4502951467F00F52364 /* Release */,
			);
			defaultConfigurationIsVisible = 0;
			defaultConfigurationName = Release;
		};
		EBECF4512951467F00F52364 /* Build configuration list for PBXNativeTarget "StudentGradeManager" */ = {
			isa = XCConfigurationList;
			buildConfigurations = (
				EBECF4522951467F00F52364 /* Debug */,
				EBECF4532951467F00F52364 /* Release */,
			);
			defaultConfigurationIsVisible = 0;
			defaultConfigurationName = Release;
		};
/* End XCConfigurationList section */
	};
	rootObject = EBECF4422951467F00F52364 /* Project object */;
}
