// !$*UTF8*$!
{
	archiveVersion = 1;
	classes = {
	};
	objectVersion = 56;
	objects = {

/* Begin PBXBuildFile section */
		04F0482C2A8A0CE8009EFF4B /* main.swift in Sources */ = {isa = PBXBuildFile; fileRef = 04F0482B2A8A0CE8009EFF4B /* main.swift */; };
		04F048362A8A49F0009EFF4B /* Double.swift in Sources */ = {isa = PBXBuildFile; fileRef = 04F048352A8A49F0009EFF4B /* Double.swift */; };
		04F048382A8A4C20009EFF4B /* CoreModule.swift in Sources */ = {isa = PBXBuildFile; fileRef = 04F048372A8A4C20009EFF4B /* CoreModule.swift */; };
		04F0483E2A8A4EB3009EFF4B /* GradeType.swift in Sources */ = {isa = PBXBuildFile; fileRef = 04F0483D2A8A4EB3009EFF4B /* GradeType.swift */; };
		04F048402A8A5419009EFF4B /* LocalFileManager.swift in Sources */ = {isa = PBXBuildFile; fileRef = 04F0483F2A8A5419009EFF4B /* LocalFileManager.swift */; };
		04F048422A8A592A009EFF4B /* InterfaceScript.swift in Sources */ = {isa = PBXBuildFile; fileRef = 04F048412A8A592A009EFF4B /* InterfaceScript.swift */; };
		04F048472A8B4722009EFF4B /* DataService.swift in Sources */ = {isa = PBXBuildFile; fileRef = 04F048462A8B4722009EFF4B /* DataService.swift */; };
		04F048492A8B5251009EFF4B /* TypeAlias.swift in Sources */ = {isa = PBXBuildFile; fileRef = 04F048482A8B5251009EFF4B /* TypeAlias.swift */; };
		04F0484F2A8B66D4009EFF4B /* String.swift in Sources */ = {isa = PBXBuildFile; fileRef = 04F0484E2A8B66D4009EFF4B /* String.swift */; };
		04F048602A8F513E009EFF4B /* Order.swift in Sources */ = {isa = PBXBuildFile; fileRef = 04F0485F2A8F513E009EFF4B /* Order.swift */; };
/* End PBXBuildFile section */

/* Begin PBXCopyFilesBuildPhase section */
		04F048262A8A0CE8009EFF4B /* CopyFiles */ = {
			isa = PBXCopyFilesBuildPhase;
			buildActionMask = 2147483647;
			dstPath = /usr/share/man/man1/;
			dstSubfolderSpec = 0;
			files = (
			);
			runOnlyForDeploymentPostprocessing = 1;
		};
/* End PBXCopyFilesBuildPhase section */

/* Begin PBXFileReference section */
		04F048282A8A0CE8009EFF4B /* MyCreditManager_2_rmadyd123456 */ = {isa = PBXFileReference; explicitFileType = "compiled.mach-o.executable"; includeInIndex = 0; path = MyCreditManager_2_rmadyd123456; sourceTree = BUILT_PRODUCTS_DIR; };
		04F0482B2A8A0CE8009EFF4B /* main.swift */ = {isa = PBXFileReference; lastKnownFileType = sourcecode.swift; path = main.swift; sourceTree = "<group>"; };
		04F048322A8A33F6009EFF4B /* README.md */ = {isa = PBXFileReference; lastKnownFileType = net.daringfireball.markdown; path = README.md; sourceTree = "<group>"; };
		04F048352A8A49F0009EFF4B /* Double.swift */ = {isa = PBXFileReference; lastKnownFileType = sourcecode.swift; path = Double.swift; sourceTree = "<group>"; };
		04F048372A8A4C20009EFF4B /* CoreModule.swift */ = {isa = PBXFileReference; lastKnownFileType = sourcecode.swift; path = CoreModule.swift; sourceTree = "<group>"; };
		04F0483D2A8A4EB3009EFF4B /* GradeType.swift */ = {isa = PBXFileReference; lastKnownFileType = sourcecode.swift; path = GradeType.swift; sourceTree = "<group>"; };
		04F0483F2A8A5419009EFF4B /* LocalFileManager.swift */ = {isa = PBXFileReference; lastKnownFileType = sourcecode.swift; path = LocalFileManager.swift; sourceTree = "<group>"; };
		04F048412A8A592A009EFF4B /* InterfaceScript.swift */ = {isa = PBXFileReference; lastKnownFileType = sourcecode.swift; path = InterfaceScript.swift; sourceTree = "<group>"; };
		04F048462A8B4722009EFF4B /* DataService.swift */ = {isa = PBXFileReference; lastKnownFileType = sourcecode.swift; path = DataService.swift; sourceTree = "<group>"; };
		04F048482A8B5251009EFF4B /* TypeAlias.swift */ = {isa = PBXFileReference; lastKnownFileType = sourcecode.swift; path = TypeAlias.swift; sourceTree = "<group>"; };
		04F0484E2A8B66D4009EFF4B /* String.swift */ = {isa = PBXFileReference; lastKnownFileType = sourcecode.swift; path = String.swift; sourceTree = "<group>"; };
		04F0485F2A8F513E009EFF4B /* Order.swift */ = {isa = PBXFileReference; lastKnownFileType = sourcecode.swift; path = Order.swift; sourceTree = "<group>"; };
/* End PBXFileReference section */

/* Begin PBXFrameworksBuildPhase section */
		04F048252A8A0CE8009EFF4B /* Frameworks */ = {
			isa = PBXFrameworksBuildPhase;
			buildActionMask = 2147483647;
			files = (
			);
			runOnlyForDeploymentPostprocessing = 0;
		};
/* End PBXFrameworksBuildPhase section */

/* Begin PBXGroup section */
		04F0481F2A8A0CE8009EFF4B = {
			isa = PBXGroup;
			children = (
				04F048322A8A33F6009EFF4B /* README.md */,
				04F0482A2A8A0CE8009EFF4B /* MyCreditManager_2_rmadyd123456 */,
				04F048292A8A0CE8009EFF4B /* Products */,
			);
			sourceTree = "<group>";
		};
		04F048292A8A0CE8009EFF4B /* Products */ = {
			isa = PBXGroup;
			children = (
				04F048282A8A0CE8009EFF4B /* MyCreditManager_2_rmadyd123456 */,
			);
			name = Products;
			sourceTree = "<group>";
		};
		04F0482A2A8A0CE8009EFF4B /* MyCreditManager_2_rmadyd123456 */ = {
			isa = PBXGroup;
			children = (
				04F0482B2A8A0CE8009EFF4B /* main.swift */,
				04F048452A8B46F5009EFF4B /* DataService */,
				04F0483A2A8A4D20009EFF4B /* Utilities */,
				04F048332A8A4984009EFF4B /* Core */,
				04F048392A8A4D09009EFF4B /* Models */,
				04F048342A8A49E0009EFF4B /* Extensions */,
			);
			path = MyCreditManager_2_rmadyd123456;
			sourceTree = "<group>";
		};
		04F048332A8A4984009EFF4B /* Core */ = {
			isa = PBXGroup;
			children = (
				04F048372A8A4C20009EFF4B /* CoreModule.swift */,
			);
			path = Core;
			sourceTree = "<group>";
		};
		04F048342A8A49E0009EFF4B /* Extensions */ = {
			isa = PBXGroup;
			children = (
				04F048352A8A49F0009EFF4B /* Double.swift */,
				04F0484E2A8B66D4009EFF4B /* String.swift */,
				04F048482A8B5251009EFF4B /* TypeAlias.swift */,
			);
			path = Extensions;
			sourceTree = "<group>";
		};
		04F048392A8A4D09009EFF4B /* Models */ = {
			isa = PBXGroup;
			children = (
				04F0483D2A8A4EB3009EFF4B /* GradeType.swift */,
				04F048412A8A592A009EFF4B /* InterfaceScript.swift */,
				04F0485F2A8F513E009EFF4B /* Order.swift */,
			);
			path = Models;
			sourceTree = "<group>";
		};
		04F0483A2A8A4D20009EFF4B /* Utilities */ = {
			isa = PBXGroup;
			children = (
				04F0483F2A8A5419009EFF4B /* LocalFileManager.swift */,
			);
			path = Utilities;
			sourceTree = "<group>";
		};
		04F048452A8B46F5009EFF4B /* DataService */ = {
			isa = PBXGroup;
			children = (
				04F048462A8B4722009EFF4B /* DataService.swift */,
			);
			path = DataService;
			sourceTree = "<group>";
		};
/* End PBXGroup section */

/* Begin PBXNativeTarget section */
		04F048272A8A0CE8009EFF4B /* MyCreditManager_2_rmadyd123456 */ = {
			isa = PBXNativeTarget;
			buildConfigurationList = 04F0482F2A8A0CE8009EFF4B /* Build configuration list for PBXNativeTarget "MyCreditManager_2_rmadyd123456" */;
			buildPhases = (
				04F048242A8A0CE8009EFF4B /* Sources */,
				04F048252A8A0CE8009EFF4B /* Frameworks */,
				04F048262A8A0CE8009EFF4B /* CopyFiles */,
			);
			buildRules = (
			);
			dependencies = (
			);
			name = MyCreditManager_2_rmadyd123456;
			productName = MyCreditManager_2_rmadyd123456;
			productReference = 04F048282A8A0CE8009EFF4B /* MyCreditManager_2_rmadyd123456 */;
			productType = "com.apple.product-type.tool";
		};
/* End PBXNativeTarget section */

/* Begin PBXProject section */
		04F048202A8A0CE8009EFF4B /* Project object */ = {
			isa = PBXProject;
			attributes = {
				BuildIndependentTargetsInParallel = 1;
				LastSwiftUpdateCheck = 1430;
				LastUpgradeCheck = 1430;
				TargetAttributes = {
					04F048272A8A0CE8009EFF4B = {
						CreatedOnToolsVersion = 14.3.1;
					};
				};
			};
			buildConfigurationList = 04F048232A8A0CE8009EFF4B /* Build configuration list for PBXProject "MyCreditManager_2_rmadyd123456" */;
			compatibilityVersion = "Xcode 14.0";
			developmentRegion = en;
			hasScannedForEncodings = 0;
			knownRegions = (
				en,
				Base,
			);
			mainGroup = 04F0481F2A8A0CE8009EFF4B;
			productRefGroup = 04F048292A8A0CE8009EFF4B /* Products */;
			projectDirPath = "";
			projectRoot = "";
			targets = (
				04F048272A8A0CE8009EFF4B /* MyCreditManager_2_rmadyd123456 */,
			);
		};
/* End PBXProject section */

/* Begin PBXSourcesBuildPhase section */
		04F048242A8A0CE8009EFF4B /* Sources */ = {
			isa = PBXSourcesBuildPhase;
			buildActionMask = 2147483647;
			files = (
				04F048362A8A49F0009EFF4B /* Double.swift in Sources */,
				04F048472A8B4722009EFF4B /* DataService.swift in Sources */,
				04F048602A8F513E009EFF4B /* Order.swift in Sources */,
				04F0483E2A8A4EB3009EFF4B /* GradeType.swift in Sources */,
				04F0484F2A8B66D4009EFF4B /* String.swift in Sources */,
				04F048422A8A592A009EFF4B /* InterfaceScript.swift in Sources */,
				04F048402A8A5419009EFF4B /* LocalFileManager.swift in Sources */,
				04F048382A8A4C20009EFF4B /* CoreModule.swift in Sources */,
				04F048492A8B5251009EFF4B /* TypeAlias.swift in Sources */,
				04F0482C2A8A0CE8009EFF4B /* main.swift in Sources */,
			);
			runOnlyForDeploymentPostprocessing = 0;
		};
/* End PBXSourcesBuildPhase section */

/* Begin XCBuildConfiguration section */
		04F0482D2A8A0CE8009EFF4B /* Debug */ = {
			isa = XCBuildConfiguration;
			buildSettings = {
				ALWAYS_SEARCH_USER_PATHS = NO;
				CLANG_ANALYZER_NONNULL = YES;
				CLANG_ANALYZER_NUMBER_OBJECT_CONVERSION = YES_AGGRESSIVE;
				CLANG_CXX_LANGUAGE_STANDARD = "gnu++20";
				CLANG_ENABLE_MODULES = YES;
				CLANG_ENABLE_OBJC_ARC = YES;
				CLANG_ENABLE_OBJC_WEAK = YES;
				CLANG_WARN_BLOCK_CAPTURE_AUTORELEASING = YES;
				CLANG_WARN_BOOL_CONVERSION = YES;
				CLANG_WARN_COMMA = YES;
				CLANG_WARN_CONSTANT_CONVERSION = YES;
				CLANG_WARN_DEPRECATED_OBJC_IMPLEMENTATIONS = YES;
				CLANG_WARN_DIRECT_OBJC_ISA_USAGE = YES_ERROR;
				CLANG_WARN_DOCUMENTATION_COMMENTS = YES;
				CLANG_WARN_EMPTY_BODY = YES;
				CLANG_WARN_ENUM_CONVERSION = YES;
				CLANG_WARN_INFINITE_RECURSION = YES;
				CLANG_WARN_INT_CONVERSION = YES;
				CLANG_WARN_NON_LITERAL_NULL_CONVERSION = YES;
				CLANG_WARN_OBJC_IMPLICIT_RETAIN_SELF = YES;
				CLANG_WARN_OBJC_LITERAL_CONVERSION = YES;
				CLANG_WARN_OBJC_ROOT_CLASS = YES_ERROR;
				CLANG_WARN_QUOTED_INCLUDE_IN_FRAMEWORK_HEADER = YES;
				CLANG_WARN_RANGE_LOOP_ANALYSIS = YES;
				CLANG_WARN_STRICT_PROTOTYPES = YES;
				CLANG_WARN_SUSPICIOUS_MOVE = YES;
				CLANG_WARN_UNGUARDED_AVAILABILITY = YES_AGGRESSIVE;
				CLANG_WARN_UNREACHABLE_CODE = YES;
				CLANG_WARN__DUPLICATE_METHOD_MATCH = YES;
				COPY_PHASE_STRIP = NO;
				DEBUG_INFORMATION_FORMAT = dwarf;
				ENABLE_STRICT_OBJC_MSGSEND = YES;
				ENABLE_TESTABILITY = YES;
				GCC_C_LANGUAGE_STANDARD = gnu11;
				GCC_DYNAMIC_NO_PIC = NO;
				GCC_NO_COMMON_BLOCKS = YES;
				GCC_OPTIMIZATION_LEVEL = 0;
				GCC_PREPROCESSOR_DEFINITIONS = (
					"DEBUG=1",
					"$(inherited)",
				);
				GCC_WARN_64_TO_32_BIT_CONVERSION = YES;
				GCC_WARN_ABOUT_RETURN_TYPE = YES_ERROR;
				GCC_WARN_UNDECLARED_SELECTOR = YES;
				GCC_WARN_UNINITIALIZED_AUTOS = YES_AGGRESSIVE;
				GCC_WARN_UNUSED_FUNCTION = YES;
				GCC_WARN_UNUSED_VARIABLE = YES;
				MACOSX_DEPLOYMENT_TARGET = 13.3;
				MTL_ENABLE_DEBUG_INFO = INCLUDE_SOURCE;
				MTL_FAST_MATH = YES;
				ONLY_ACTIVE_ARCH = YES;
				SDKROOT = macosx;
				SWIFT_ACTIVE_COMPILATION_CONDITIONS = DEBUG;
				SWIFT_OPTIMIZATION_LEVEL = "-Onone";
			};
			name = Debug;
		};
		04F0482E2A8A0CE8009EFF4B /* Release */ = {
			isa = XCBuildConfiguration;
			buildSettings = {
				ALWAYS_SEARCH_USER_PATHS = NO;
				CLANG_ANALYZER_NONNULL = YES;
				CLANG_ANALYZER_NUMBER_OBJECT_CONVERSION = YES_AGGRESSIVE;
				CLANG_CXX_LANGUAGE_STANDARD = "gnu++20";
				CLANG_ENABLE_MODULES = YES;
				CLANG_ENABLE_OBJC_ARC = YES;
				CLANG_ENABLE_OBJC_WEAK = YES;
				CLANG_WARN_BLOCK_CAPTURE_AUTORELEASING = YES;
				CLANG_WARN_BOOL_CONVERSION = YES;
				CLANG_WARN_COMMA = YES;
				CLANG_WARN_CONSTANT_CONVERSION = YES;
				CLANG_WARN_DEPRECATED_OBJC_IMPLEMENTATIONS = YES;
				CLANG_WARN_DIRECT_OBJC_ISA_USAGE = YES_ERROR;
				CLANG_WARN_DOCUMENTATION_COMMENTS = YES;
				CLANG_WARN_EMPTY_BODY = YES;
				CLANG_WARN_ENUM_CONVERSION = YES;
				CLANG_WARN_INFINITE_RECURSION = YES;
				CLANG_WARN_INT_CONVERSION = YES;
				CLANG_WARN_NON_LITERAL_NULL_CONVERSION = YES;
				CLANG_WARN_OBJC_IMPLICIT_RETAIN_SELF = YES;
				CLANG_WARN_OBJC_LITERAL_CONVERSION = YES;
				CLANG_WARN_OBJC_ROOT_CLASS = YES_ERROR;
				CLANG_WARN_QUOTED_INCLUDE_IN_FRAMEWORK_HEADER = YES;
				CLANG_WARN_RANGE_LOOP_ANALYSIS = YES;
				CLANG_WARN_STRICT_PROTOTYPES = YES;
				CLANG_WARN_SUSPICIOUS_MOVE = YES;
				CLANG_WARN_UNGUARDED_AVAILABILITY = YES_AGGRESSIVE;
				CLANG_WARN_UNREACHABLE_CODE = YES;
				CLANG_WARN__DUPLICATE_METHOD_MATCH = YES;
				COPY_PHASE_STRIP = NO;
				DEBUG_INFORMATION_FORMAT = "dwarf-with-dsym";
				ENABLE_NS_ASSERTIONS = NO;
				ENABLE_STRICT_OBJC_MSGSEND = YES;
				GCC_C_LANGUAGE_STANDARD = gnu11;
				GCC_NO_COMMON_BLOCKS = YES;
				GCC_WARN_64_TO_32_BIT_CONVERSION = YES;
				GCC_WARN_ABOUT_RETURN_TYPE = YES_ERROR;
				GCC_WARN_UNDECLARED_SELECTOR = YES;
				GCC_WARN_UNINITIALIZED_AUTOS = YES_AGGRESSIVE;
				GCC_WARN_UNUSED_FUNCTION = YES;
				GCC_WARN_UNUSED_VARIABLE = YES;
				MACOSX_DEPLOYMENT_TARGET = 13.3;
				MTL_ENABLE_DEBUG_INFO = NO;
				MTL_FAST_MATH = YES;
				SDKROOT = macosx;
				SWIFT_COMPILATION_MODE = wholemodule;
				SWIFT_OPTIMIZATION_LEVEL = "-O";
			};
			name = Release;
		};
		04F048302A8A0CE8009EFF4B /* Debug */ = {
			isa = XCBuildConfiguration;
			buildSettings = {
				CODE_SIGN_STYLE = Automatic;
				DEVELOPMENT_TEAM = P85DW78LYM;
				ENABLE_HARDENED_RUNTIME = YES;
				PRODUCT_NAME = "$(TARGET_NAME)";
				SWIFT_VERSION = 5.0;
			};
			name = Debug;
		};
		04F048312A8A0CE8009EFF4B /* Release */ = {
			isa = XCBuildConfiguration;
			buildSettings = {
				CODE_SIGN_STYLE = Automatic;
				DEVELOPMENT_TEAM = P85DW78LYM;
				ENABLE_HARDENED_RUNTIME = YES;
				PRODUCT_NAME = "$(TARGET_NAME)";
				SWIFT_VERSION = 5.0;
			};
			name = Release;
		};
/* End XCBuildConfiguration section */

/* Begin XCConfigurationList section */
		04F048232A8A0CE8009EFF4B /* Build configuration list for PBXProject "MyCreditManager_2_rmadyd123456" */ = {
			isa = XCConfigurationList;
			buildConfigurations = (
				04F0482D2A8A0CE8009EFF4B /* Debug */,
				04F0482E2A8A0CE8009EFF4B /* Release */,
			);
			defaultConfigurationIsVisible = 0;
			defaultConfigurationName = Release;
		};
		04F0482F2A8A0CE8009EFF4B /* Build configuration list for PBXNativeTarget "MyCreditManager_2_rmadyd123456" */ = {
			isa = XCConfigurationList;
			buildConfigurations = (
				04F048302A8A0CE8009EFF4B /* Debug */,
				04F048312A8A0CE8009EFF4B /* Release */,
			);
			defaultConfigurationIsVisible = 0;
			defaultConfigurationName = Release;
		};
/* End XCConfigurationList section */
	};
	rootObject = 04F048202A8A0CE8009EFF4B /* Project object */;
}
